
Microsoft Visual Studio Solution File, Format Version 12.00
# Visual Studio Version 16
VisualStudioVersion = 16.0.30204.135
MinimumVisualStudioVersion = 10.0.40219.1
Project("{FAE04EC0-301F-11D3-BF4B-00C04F79EFBC}") = "YourLibrary", "YourLibrary\YourLibrary.csproj", "{9B611809-5349-45A7-9147-4F7C54BF8AE9}"
EndProject
Global
	GlobalSection(SolutionConfigurationPlatforms) = preSolution
		Debug|Any CPU = Debug|Any CPU
		Release|Any CPU = Release|Any CPU
	EndGlobalSection
	GlobalSection(ProjectConfigurationPlatforms) = postSolution
		{9B611809-5349-45A7-9147-4F7C54BF8AE9}.Debug|Any CPU.ActiveCfg = Debug|Any CPU
		{9B611809-5349-45A7-9147-4F7C54BF8AE9}.Debug|Any CPU.Build.0 = Debug|Any CPU
		{9B611809-5349-45A7-9147-4F7C54BF8AE9}.Release|Any CPU.ActiveCfg = Release|Any CPU
		{9B611809-5349-45A7-9147-4F7C54BF8AE9}.Release|Any CPU.Build.0 = Release|Any CPU
	EndGlobalSection
	GlobalSection(SolutionProperties) = preSolution
		HideSolutionNode = FALSE
	EndGlobalSection
	GlobalSection(ExtensibilityGlobals) = postSolution
		SolutionGuid = {AF3416DE-8982-4FF4-84CB-1CAE4EF21438}
	EndGlobalSection
EndGlobal
